// !$*UTF8*$!
{
	archiveVersion = 1;
	classes = {
	};
	objectVersion = 46;
	objects = {

/* Begin PBXBuildFile section */
		AE9459E91E869FB000231AE6 /* main.m in Sources */ = {isa = PBXBuildFile; fileRef = AE9459E81E869FB000231AE6 /* main.m */; };
		AE9459EC1E869FB000231AE6 /* AppDelegate.m in Sources */ = {isa = PBXBuildFile; fileRef = AE9459EB1E869FB000231AE6 /* AppDelegate.m */; };
		AE9459EF1E869FB000231AE6 /* ViewController.m in Sources */ = {isa = PBXBuildFile; fileRef = AE9459EE1E869FB000231AE6 /* ViewController.m */; };
		AE9459F21E869FB000231AE6 /* Main.storyboard in Resources */ = {isa = PBXBuildFile; fileRef = AE9459F01E869FB000231AE6 /* Main.storyboard */; };
		AE9459F41E869FB000231AE6 /* Assets.xcassets in Resources */ = {isa = PBXBuildFile; fileRef = AE9459F31E869FB000231AE6 /* Assets.xcassets */; };
		AE9459F71E869FB000231AE6 /* LaunchScreen.storyboard in Resources */ = {isa = PBXBuildFile; fileRef = AE9459F51E869FB000231AE6 /* LaunchScreen.storyboard */; };
		AE945A021E86AEC600231AE6 /* 1.jpg in Resources */ = {isa = PBXBuildFile; fileRef = AE9459FE1E86AEC600231AE6 /* 1.jpg */; };
		AE945A031E86AEC600231AE6 /* 2.jpg in Resources */ = {isa = PBXBuildFile; fileRef = AE9459FF1E86AEC600231AE6 /* 2.jpg */; };
		AE945A041E86AEC600231AE6 /* 3.jpg in Resources */ = {isa = PBXBuildFile; fileRef = AE945A001E86AEC600231AE6 /* 3.jpg */; };
		AE945A051E86AEC600231AE6 /* 4.jpg in Resources */ = {isa = PBXBuildFile; fileRef = AE945A011E86AEC600231AE6 /* 4.jpg */; };
		AE945A081E86AF5800231AE6 /* 5.jpg in Resources */ = {isa = PBXBuildFile; fileRef = AE945A061E86AF5800231AE6 /* 5.jpg */; };
		AE945A091E86AF5800231AE6 /* 6.jpg in Resources */ = {isa = PBXBuildFile; fileRef = AE945A071E86AF5800231AE6 /* 6.jpg */; };
/* End PBXBuildFile section */

/* Begin PBXFileReference section */
		AE9459E41E869FB000231AE6 /* Example7-1c.app */ = {isa = PBXFileReference; explicitFileType = wrapper.application; includeInIndex = 0; path = "Example7-1c.app"; sourceTree = BUILT_PRODUCTS_DIR; };
		AE9459E81E869FB000231AE6 /* main.m */ = {isa = PBXFileReference; lastKnownFileType = sourcecode.c.objc; path = main.m; sourceTree = "<group>"; };
		AE9459EA1E869FB000231AE6 /* AppDelegate.h */ = {isa = PBXFileReference; lastKnownFileType = sourcecode.c.h; path = AppDelegate.h; sourceTree = "<group>"; };
		AE9459EB1E869FB000231AE6 /* AppDelegate.m */ = {isa = PBXFileReference; lastKnownFileType = sourcecode.c.objc; path = AppDelegate.m; sourceTree = "<group>"; };
		AE9459ED1E869FB000231AE6 /* ViewController.h */ = {isa = PBXFileReference; lastKnownFileType = sourcecode.c.h; path = ViewController.h; sourceTree = "<group>"; };
		AE9459EE1E869FB000231AE6 /* ViewController.m */ = {isa = PBXFileReference; lastKnownFileType = sourcecode.c.objc; path = ViewController.m; sourceTree = "<group>"; };
		AE9459F11E869FB000231AE6 /* Base */ = {isa = PBXFileReference; lastKnownFileType = file.storyboard; name = Base; path = Base.lproj/Main.storyboard; sourceTree = "<group>"; };
		AE9459F31E869FB000231AE6 /* Assets.xcassets */ = {isa = PBXFileReference; lastKnownFileType = folder.assetcatalog; path = Assets.xcassets; sourceTree = "<group>"; };
		AE9459F61E869FB000231AE6 /* Base */ = {isa = PBXFileReference; lastKnownFileType = file.storyboard; name = Base; path = Base.lproj/LaunchScreen.storyboard; sourceTree = "<group>"; };
		AE9459F81E869FB000231AE6 /* Info.plist */ = {isa = PBXFileReference; lastKnownFileType = text.plist.xml; path = Info.plist; sourceTree = "<group>"; };
		AE9459FE1E86AEC600231AE6 /* 1.jpg */ = {isa = PBXFileReference; lastKnownFileType = image.jpeg; path = 1.jpg; sourceTree = "<group>"; };
		AE9459FF1E86AEC600231AE6 /* 2.jpg */ = {isa = PBXFileReference; lastKnownFileType = image.jpeg; path = 2.jpg; sourceTree = "<group>"; };
		AE945A001E86AEC600231AE6 /* 3.jpg */ = {isa = PBXFileReference; lastKnownFileType = image.jpeg; path = 3.jpg; sourceTree = "<group>"; };
		AE945A011E86AEC600231AE6 /* 4.jpg */ = {isa = PBXFileReference; lastKnownFileType = image.jpeg; path = 4.jpg; sourceTree = "<group>"; };
		AE945A061E86AF5800231AE6 /* 5.jpg */ = {isa = PBXFileReference; lastKnownFileType = image.jpeg; path = 5.jpg; sourceTree = "<group>"; };
		AE945A071E86AF5800231AE6 /* 6.jpg */ = {isa = PBXFileReference; lastKnownFileType = image.jpeg; path = 6.jpg; sourceTree = "<group>"; };
/* End PBXFileReference section */

/* Begin PBXFrameworksBuildPhase section */
		AE9459E11E869FB000231AE6 /* Frameworks */ = {
			isa = PBXFrameworksBuildPhase;
			buildActionMask = 2147483647;
			files = (
			);
			runOnlyForDeploymentPostprocessing = 0;
		};
/* End PBXFrameworksBuildPhase section */

/* Begin PBXGroup section */
		AE9459DB1E869FB000231AE6 = {
			isa = PBXGroup;
			children = (
				AE9459E61E869FB000231AE6 /* Example7-1c */,
				AE9459E51E869FB000231AE6 /* Products */,
			);
			sourceTree = "<group>";
		};
		AE9459E51E869FB000231AE6 /* Products */ = {
			isa = PBXGroup;
			children = (
				AE9459E41E869FB000231AE6 /* Example7-1c.app */,
			);
			name = Products;
			sourceTree = "<group>";
		};
		AE9459E61E869FB000231AE6 /* Example7-1c */ = {
			isa = PBXGroup;
			children = (
				AE9459EA1E869FB000231AE6 /* AppDelegate.h */,
				AE9459EB1E869FB000231AE6 /* AppDelegate.m */,
				AE9459ED1E869FB000231AE6 /* ViewController.h */,
				AE9459EE1E869FB000231AE6 /* ViewController.m */,
				AE9459F01E869FB000231AE6 /* Main.storyboard */,
				AE9459F31E869FB000231AE6 /* Assets.xcassets */,
				AE9459F51E869FB000231AE6 /* LaunchScreen.storyboard */,
				AE9459F81E869FB000231AE6 /* Info.plist */,
				AE9459E71E869FB000231AE6 /* Supporting Files */,
			);
			path = "Example7-1c";
			sourceTree = "<group>";
		};
		AE9459E71E869FB000231AE6 /* Supporting Files */ = {
			isa = PBXGroup;
			children = (
				AE945A061E86AF5800231AE6 /* 5.jpg */,
				AE945A071E86AF5800231AE6 /* 6.jpg */,
				AE9459FE1E86AEC600231AE6 /* 1.jpg */,
				AE9459FF1E86AEC600231AE6 /* 2.jpg */,
				AE945A001E86AEC600231AE6 /* 3.jpg */,
				AE945A011E86AEC600231AE6 /* 4.jpg */,
				AE9459E81E869FB000231AE6 /* main.m */,
			);
			name = "Supporting Files";
			sourceTree = "<group>";
		};
/* End PBXGroup section */

/* Begin PBXNativeTarget section */
		AE9459E31E869FB000231AE6 /* Example7-1c */ = {
			isa = PBXNativeTarget;
			buildConfigurationList = AE9459FB1E869FB000231AE6 /* Build configuration list for PBXNativeTarget "Example7-1c" */;
			buildPhases = (
				AE9459E01E869FB000231AE6 /* Sources */,
				AE9459E11E869FB000231AE6 /* Frameworks */,
				AE9459E21E869FB000231AE6 /* Resources */,
			);
			buildRules = (
			);
			dependencies = (
			);
			name = "Example7-1c";
			productName = "Example7-1c";
			productReference = AE9459E41E869FB000231AE6 /* Example7-1c.app */;
			productType = "com.apple.product-type.application";
		};
/* End PBXNativeTarget section */

/* Begin PBXProject section */
		AE9459DC1E869FB000231AE6 /* Project object */ = {
			isa = PBXProject;
			attributes = {
				LastUpgradeCheck = 0820;
				ORGANIZATIONNAME = "孙晓晔";
				TargetAttributes = {
					AE9459E31E869FB000231AE6 = {
						CreatedOnToolsVersion = 8.2.1;
						ProvisioningStyle = Automatic;
					};
				};
			};
			buildConfigurationList = AE9459DF1E869FB000231AE6 /* Build configuration list for PBXProject "Example7-1c" */;
			compatibilityVersion = "Xcode 3.2";
			developmentRegion = English;
			hasScannedForEncodings = 0;
			knownRegions = (
				en,
				Base,
			);
			mainGroup = AE9459DB1E869FB000231AE6;
			productRefGroup = AE9459E51E869FB000231AE6 /* Products */;
			projectDirPath = "";
			projectRoot = "";
			targets = (
				AE9459E31E869FB000231AE6 /* Example7-1c */,
			);
		};
/* End PBXProject section */

/* Begin PBXResourcesBuildPhase section */
		AE9459E21E869FB000231AE6 /* Resources */ = {
			isa = PBXResourcesBuildPhase;
			buildActionMask = 2147483647;
			files = (
				AE945A091E86AF5800231AE6 /* 6.jpg in Resources */,
				AE9459F71E869FB000231AE6 /* LaunchScreen.storyboard in Resources */,
				AE945A081E86AF5800231AE6 /* 5.jpg in Resources */,
				AE945A051E86AEC600231AE6 /* 4.jpg in Resources */,
				AE945A021E86AEC600231AE6 /* 1.jpg in Resources */,
				AE945A031E86AEC600231AE6 /* 2.jpg in Resources */,
				AE945A041E86AEC600231AE6 /* 3.jpg in Resources */,
				AE9459F41E869FB000231AE6 /* Assets.xcassets in Resources */,
				AE9459F21E869FB000231AE6 /* Main.storyboard in Resources */,
			);
			runOnlyForDeploymentPostprocessing = 0;
		};
/* End PBXResourcesBuildPhase section */

/* Begin PBXSourcesBuildPhase section */
		AE9459E01E869FB000231AE6 /* Sources */ = {
			isa = PBXSourcesBuildPhase;
			buildActionMask = 2147483647;
			files = (
				AE9459EF1E869FB000231AE6 /* ViewController.m in Sources */,
				AE9459EC1E869FB000231AE6 /* AppDelegate.m in Sources */,
				AE9459E91E869FB000231AE6 /* main.m in Sources */,
			);
			runOnlyForDeploymentPostprocessing = 0;
		};
/* End PBXSourcesBuildPhase section */

/* Begin PBXVariantGroup section */
		AE9459F01E869FB000231AE6 /* Main.storyboard */ = {
			isa = PBXVariantGroup;
			children = (
				AE9459F11E869FB000231AE6 /* Base */,
			);
			name = Main.storyboard;
			sourceTree = "<group>";
		};
		AE9459F51E869FB000231AE6 /* LaunchScreen.storyboard */ = {
			isa = PBXVariantGroup;
			children = (
				AE9459F61E869FB000231AE6 /* Base */,
			);
			name = LaunchScreen.storyboard;
			sourceTree = "<group>";
		};
/* End PBXVariantGroup section */

/* Begin XCBuildConfiguration section */
		AE9459F91E869FB000231AE6 /* Debug */ = {
			isa = XCBuildConfiguration;
			buildSettings = {
				ALWAYS_SEARCH_USER_PATHS = NO;
				CLANG_ANALYZER_NONNULL = YES;
				CLANG_CXX_LANGUAGE_STANDARD = "gnu++0x";
				CLANG_CXX_LIBRARY = "libc++";
				CLANG_ENABLE_MODULES = YES;
				CLANG_ENABLE_OBJC_ARC = YES;
				CLANG_WARN_BOOL_CONVERSION = YES;
				CLANG_WARN_CONSTANT_CONVERSION = YES;
				CLANG_WARN_DIRECT_OBJC_ISA_USAGE = YES_ERROR;
				CLANG_WARN_DOCUMENTATION_COMMENTS = YES;
				CLANG_WARN_EMPTY_BODY = YES;
				CLANG_WARN_ENUM_CONVERSION = YES;
				CLANG_WARN_INFINITE_RECURSION = YES;
				CLANG_WARN_INT_CONVERSION = YES;
				CLANG_WARN_OBJC_ROOT_CLASS = YES_ERROR;
				CLANG_WARN_SUSPICIOUS_MOVE = YES;
				CLANG_WARN_UNREACHABLE_CODE = YES;
				CLANG_WARN__DUPLICATE_METHOD_MATCH = YES;
				"CODE_SIGN_IDENTITY[sdk=iphoneos*]" = "iPhone Developer";
				COPY_PHASE_STRIP = NO;
				DEBUG_INFORMATION_FORMAT = dwarf;
				ENABLE_STRICT_OBJC_MSGSEND = YES;
				ENABLE_TESTABILITY = YES;
				GCC_C_LANGUAGE_STANDARD = gnu99;
				GCC_DYNAMIC_NO_PIC = NO;
				GCC_NO_COMMON_BLOCKS = YES;
				GCC_OPTIMIZATION_LEVEL = 0;
				GCC_PREPROCESSOR_DEFINITIONS = (
					"DEBUG=1",
					"$(inherited)",
				);
				GCC_WARN_64_TO_32_BIT_CONVERSION = YES;
				GCC_WARN_ABOUT_RETURN_TYPE = YES_ERROR;
				GCC_WARN_UNDECLARED_SELECTOR = YES;
				GCC_WARN_UNINITIALIZED_AUTOS = YES_AGGRESSIVE;
				GCC_WARN_UNUSED_FUNCTION = YES;
				GCC_WARN_UNUSED_VARIABLE = YES;
				IPHONEOS_DEPLOYMENT_TARGET = 10.2;
				MTL_ENABLE_DEBUG_INFO = YES;
				ONLY_ACTIVE_ARCH = YES;
				SDKROOT = iphoneos;
			};
			name = Debug;
		};
		AE9459FA1E869FB000231AE6 /* Release */ = {
			isa = XCBuildConfiguration;
			buildSettings = {
				ALWAYS_SEARCH_USER_PATHS = NO;
				CLANG_ANALYZER_NONNULL = YES;
				CLANG_CXX_LANGUAGE_STANDARD = "gnu++0x";
				CLANG_CXX_LIBRARY = "libc++";
				CLANG_ENABLE_MODULES = YES;
				CLANG_ENABLE_OBJC_ARC = YES;
				CLANG_WARN_BOOL_CONVERSION = YES;
				CLANG_WARN_CONSTANT_CONVERSION = YES;
				CLANG_WARN_DIRECT_OBJC_ISA_USAGE = YES_ERROR;
				CLANG_WARN_DOCUMENTATION_COMMENTS = YES;
				CLANG_WARN_EMPTY_BODY = YES;
				CLANG_WARN_ENUM_CONVERSION = YES;
				CLANG_WARN_INFINITE_RECURSION = YES;
				CLANG_WARN_INT_CONVERSION = YES;
				CLANG_WARN_OBJC_ROOT_CLASS = YES_ERROR;
				CLANG_WARN_SUSPICIOUS_MOVE = YES;
				CLANG_WARN_UNREACHABLE_CODE = YES;
				CLANG_WARN__DUPLICATE_METHOD_MATCH = YES;
				"CODE_SIGN_IDENTITY[sdk=iphoneos*]" = "iPhone Developer";
				COPY_PHASE_STRIP = NO;
				DEBUG_INFORMATION_FORMAT = "dwarf-with-dsym";
				ENABLE_NS_ASSERTIONS = NO;
				ENABLE_STRICT_OBJC_MSGSEND = YES;
				GCC_C_LANGUAGE_STANDARD = gnu99;
				GCC_NO_COMMON_BLOCKS = YES;
				GCC_WARN_64_TO_32_BIT_CONVERSION = YES;
				GCC_WARN_ABOUT_RETURN_TYPE = YES_ERROR;
				GCC_WARN_UNDECLARED_SELECTOR = YES;
				GCC_WARN_UNINITIALIZED_AUTOS = YES_AGGRESSIVE;
				GCC_WARN_UNUSED_FUNCTION = YES;
				GCC_WARN_UNUSED_VARIABLE = YES;
				IPHONEOS_DEPLOYMENT_TARGET = 10.2;
				MTL_ENABLE_DEBUG_INFO = NO;
				SDKROOT = iphoneos;
				VALIDATE_PRODUCT = YES;
			};
			name = Release;
		};
		AE9459FC1E869FB000231AE6 /* Debug */ = {
			isa = XCBuildConfiguration;
			buildSettings = {
				ASSETCATALOG_COMPILER_APPICON_NAME = AppIcon;
				INFOPLIST_FILE = "Example7-1c/Info.plist";
				LD_RUNPATH_SEARCH_PATHS = "$(inherited) @executable_path/Frameworks";
				PRODUCT_BUNDLE_IDENTIFIER = "com.jiapuwang.Example7-1c";
				PRODUCT_NAME = "$(TARGET_NAME)";
			};
			name = Debug;
		};
		AE9459FD1E869FB000231AE6 /* Release */ = {
			isa = XCBuildConfiguration;
			buildSettings = {
				ASSETCATALOG_COMPILER_APPICON_NAME = AppIcon;
				INFOPLIST_FILE = "Example7-1c/Info.plist";
				LD_RUNPATH_SEARCH_PATHS = "$(inherited) @executable_path/Frameworks";
				PRODUCT_BUNDLE_IDENTIFIER = "com.jiapuwang.Example7-1c";
				PRODUCT_NAME = "$(TARGET_NAME)";
			};
			name = Release;
		};
/* End XCBuildConfiguration section */

/* Begin XCConfigurationList section */
		AE9459DF1E869FB000231AE6 /* Build configuration list for PBXProject "Example7-1c" */ = {
			isa = XCConfigurationList;
			buildConfigurations = (
				AE9459F91E869FB000231AE6 /* Debug */,
				AE9459FA1E869FB000231AE6 /* Release */,
			);
			defaultConfigurationIsVisible = 0;
			defaultConfigurationName = Release;
		};
		AE9459FB1E869FB000231AE6 /* Build configuration list for PBXNativeTarget "Example7-1c" */ = {
			isa = XCConfigurationList;
			buildConfigurations = (
				AE9459FC1E869FB000231AE6 /* Debug */,
				AE9459FD1E869FB000231AE6 /* Release */,
			);
			defaultConfigurationIsVisible = 0;
		};
/* End XCConfigurationList section */
	};
	rootObject = AE9459DC1E869FB000231AE6 /* Project object */;
}
