// !$*UTF8*$!
{
	archiveVersion = 1;
	classes = {
	};
	objectVersion = 46;
	objects = {

/* Begin PBXBuildFile section */
		AE9A98D51E88C2B9003A003C /* main.m in Sources */ = {isa = PBXBuildFile; fileRef = AE9A98D41E88C2B9003A003C /* main.m */; };
		AE9A98D81E88C2B9003A003C /* AppDelegate.m in Sources */ = {isa = PBXBuildFile; fileRef = AE9A98D71E88C2B9003A003C /* AppDelegate.m */; };
		AE9A98DB1E88C2B9003A003C /* ViewController.m in Sources */ = {isa = PBXBuildFile; fileRef = AE9A98DA1E88C2B9003A003C /* ViewController.m */; };
		AE9A98DE1E88C2B9003A003C /* Main.storyboard in Resources */ = {isa = PBXBuildFile; fileRef = AE9A98DC1E88C2B9003A003C /* Main.storyboard */; };
		AE9A98E01E88C2B9003A003C /* Assets.xcassets in Resources */ = {isa = PBXBuildFile; fileRef = AE9A98DF1E88C2B9003A003C /* Assets.xcassets */; };
		AE9A98E31E88C2B9003A003C /* LaunchScreen.storyboard in Resources */ = {isa = PBXBuildFile; fileRef = AE9A98E11E88C2B9003A003C /* LaunchScreen.storyboard */; };
		AE9A98F11E88C2C8003A003C /* 6.jpg in Resources */ = {isa = PBXBuildFile; fileRef = AE9A98EA1E88C2C8003A003C /* 6.jpg */; };
		AE9A98F21E88C2C8003A003C /* 5.jpg in Resources */ = {isa = PBXBuildFile; fileRef = AE9A98EB1E88C2C8003A003C /* 5.jpg */; };
		AE9A98F31E88C2C8003A003C /* 4.jpg in Resources */ = {isa = PBXBuildFile; fileRef = AE9A98EC1E88C2C8003A003C /* 4.jpg */; };
		AE9A98F41E88C2C8003A003C /* 3.jpg in Resources */ = {isa = PBXBuildFile; fileRef = AE9A98ED1E88C2C8003A003C /* 3.jpg */; };
		AE9A98F51E88C2C8003A003C /* 2.jpg in Resources */ = {isa = PBXBuildFile; fileRef = AE9A98EE1E88C2C8003A003C /* 2.jpg */; };
		AE9A98F61E88C2C8003A003C /* 1.jpg in Resources */ = {isa = PBXBuildFile; fileRef = AE9A98EF1E88C2C8003A003C /* 1.jpg */; };
		AE9A98F71E88C2C8003A003C /* meituan.plist in Resources */ = {isa = PBXBuildFile; fileRef = AE9A98F01E88C2C8003A003C /* meituan.plist */; };
		AE9A99001E88C5CD003A003C /* MeiTuanCell.m in Sources */ = {isa = PBXBuildFile; fileRef = AE9A98FE1E88C5CD003A003C /* MeiTuanCell.m */; };
		AE9A99011E88C5CD003A003C /* MeiTuanCell.xib in Resources */ = {isa = PBXBuildFile; fileRef = AE9A98FF1E88C5CD003A003C /* MeiTuanCell.xib */; };
		AE9A99041E88C5E4003A003C /* MeiTuan.m in Sources */ = {isa = PBXBuildFile; fileRef = AE9A99031E88C5E4003A003C /* MeiTuan.m */; };
		AE9A99061E88D73E003A003C /* 7.jpg in Resources */ = {isa = PBXBuildFile; fileRef = AE9A99051E88D73E003A003C /* 7.jpg */; };
		AE9A99081E88D799003A003C /* 8.jpg in Resources */ = {isa = PBXBuildFile; fileRef = AE9A99071E88D799003A003C /* 8.jpg */; };
/* End PBXBuildFile section */

/* Begin PBXFileReference section */
		AE9A98D01E88C2B9003A003C /* Exam7-1.app */ = {isa = PBXFileReference; explicitFileType = wrapper.application; includeInIndex = 0; path = "Exam7-1.app"; sourceTree = BUILT_PRODUCTS_DIR; };
		AE9A98D41E88C2B9003A003C /* main.m */ = {isa = PBXFileReference; lastKnownFileType = sourcecode.c.objc; path = main.m; sourceTree = "<group>"; };
		AE9A98D61E88C2B9003A003C /* AppDelegate.h */ = {isa = PBXFileReference; lastKnownFileType = sourcecode.c.h; path = AppDelegate.h; sourceTree = "<group>"; };
		AE9A98D71E88C2B9003A003C /* AppDelegate.m */ = {isa = PBXFileReference; lastKnownFileType = sourcecode.c.objc; path = AppDelegate.m; sourceTree = "<group>"; };
		AE9A98D91E88C2B9003A003C /* ViewController.h */ = {isa = PBXFileReference; lastKnownFileType = sourcecode.c.h; path = ViewController.h; sourceTree = "<group>"; };
		AE9A98DA1E88C2B9003A003C /* ViewController.m */ = {isa = PBXFileReference; lastKnownFileType = sourcecode.c.objc; path = ViewController.m; sourceTree = "<group>"; };
		AE9A98DD1E88C2B9003A003C /* Base */ = {isa = PBXFileReference; lastKnownFileType = file.storyboard; name = Base; path = Base.lproj/Main.storyboard; sourceTree = "<group>"; };
		AE9A98DF1E88C2B9003A003C /* Assets.xcassets */ = {isa = PBXFileReference; lastKnownFileType = folder.assetcatalog; path = Assets.xcassets; sourceTree = "<group>"; };
		AE9A98E21E88C2B9003A003C /* Base */ = {isa = PBXFileReference; lastKnownFileType = file.storyboard; name = Base; path = Base.lproj/LaunchScreen.storyboard; sourceTree = "<group>"; };
		AE9A98E41E88C2B9003A003C /* Info.plist */ = {isa = PBXFileReference; lastKnownFileType = text.plist.xml; path = Info.plist; sourceTree = "<group>"; };
		AE9A98EA1E88C2C8003A003C /* 6.jpg */ = {isa = PBXFileReference; lastKnownFileType = image.jpeg; path = 6.jpg; sourceTree = "<group>"; };
		AE9A98EB1E88C2C8003A003C /* 5.jpg */ = {isa = PBXFileReference; lastKnownFileType = image.jpeg; path = 5.jpg; sourceTree = "<group>"; };
		AE9A98EC1E88C2C8003A003C /* 4.jpg */ = {isa = PBXFileReference; lastKnownFileType = image.jpeg; path = 4.jpg; sourceTree = "<group>"; };
		AE9A98ED1E88C2C8003A003C /* 3.jpg */ = {isa = PBXFileReference; lastKnownFileType = image.jpeg; path = 3.jpg; sourceTree = "<group>"; };
		AE9A98EE1E88C2C8003A003C /* 2.jpg */ = {isa = PBXFileReference; lastKnownFileType = image.jpeg; path = 2.jpg; sourceTree = "<group>"; };
		AE9A98EF1E88C2C8003A003C /* 1.jpg */ = {isa = PBXFileReference; lastKnownFileType = image.jpeg; path = 1.jpg; sourceTree = "<group>"; };
		AE9A98F01E88C2C8003A003C /* meituan.plist */ = {isa = PBXFileReference; fileEncoding = 4; lastKnownFileType = text.plist.xml; path = meituan.plist; sourceTree = "<group>"; };
		AE9A98FD1E88C5CD003A003C /* MeiTuanCell.h */ = {isa = PBXFileReference; fileEncoding = 4; lastKnownFileType = sourcecode.c.h; path = MeiTuanCell.h; sourceTree = "<group>"; };
		AE9A98FE1E88C5CD003A003C /* MeiTuanCell.m */ = {isa = PBXFileReference; fileEncoding = 4; lastKnownFileType = sourcecode.c.objc; path = MeiTuanCell.m; sourceTree = "<group>"; };
		AE9A98FF1E88C5CD003A003C /* MeiTuanCell.xib */ = {isa = PBXFileReference; fileEncoding = 4; lastKnownFileType = file.xib; path = MeiTuanCell.xib; sourceTree = "<group>"; };
		AE9A99021E88C5E4003A003C /* MeiTuan.h */ = {isa = PBXFileReference; fileEncoding = 4; lastKnownFileType = sourcecode.c.h; path = MeiTuan.h; sourceTree = "<group>"; };
		AE9A99031E88C5E4003A003C /* MeiTuan.m */ = {isa = PBXFileReference; fileEncoding = 4; lastKnownFileType = sourcecode.c.objc; path = MeiTuan.m; sourceTree = "<group>"; };
		AE9A99051E88D73E003A003C /* 7.jpg */ = {isa = PBXFileReference; lastKnownFileType = image.jpeg; path = 7.jpg; sourceTree = "<group>"; };
		AE9A99071E88D799003A003C /* 8.jpg */ = {isa = PBXFileReference; lastKnownFileType = image.jpeg; path = 8.jpg; sourceTree = "<group>"; };
/* End PBXFileReference section */

/* Begin PBXFrameworksBuildPhase section */
		AE9A98CD1E88C2B9003A003C /* Frameworks */ = {
			isa = PBXFrameworksBuildPhase;
			buildActionMask = 2147483647;
			files = (
			);
			runOnlyForDeploymentPostprocessing = 0;
		};
/* End PBXFrameworksBuildPhase section */

/* Begin PBXGroup section */
		AE9A98C71E88C2B9003A003C = {
			isa = PBXGroup;
			children = (
				AE9A98D21E88C2B9003A003C /* Exam7-1 */,
				AE9A98D11E88C2B9003A003C /* Products */,
			);
			sourceTree = "<group>";
		};
		AE9A98D11E88C2B9003A003C /* Products */ = {
			isa = PBXGroup;
			children = (
				AE9A98D01E88C2B9003A003C /* Exam7-1.app */,
			);
			name = Products;
			sourceTree = "<group>";
		};
		AE9A98D21E88C2B9003A003C /* Exam7-1 */ = {
			isa = PBXGroup;
			children = (
				AE9A98D61E88C2B9003A003C /* AppDelegate.h */,
				AE9A98D71E88C2B9003A003C /* AppDelegate.m */,
				AE9A98D91E88C2B9003A003C /* ViewController.h */,
				AE9A98DA1E88C2B9003A003C /* ViewController.m */,
				AE9A98DC1E88C2B9003A003C /* Main.storyboard */,
				AE9A98DF1E88C2B9003A003C /* Assets.xcassets */,
				AE9A98E11E88C2B9003A003C /* LaunchScreen.storyboard */,
				AE9A98E41E88C2B9003A003C /* Info.plist */,
				AE9A98D31E88C2B9003A003C /* Supporting Files */,
				AE9A98FD1E88C5CD003A003C /* MeiTuanCell.h */,
				AE9A98FE1E88C5CD003A003C /* MeiTuanCell.m */,
				AE9A98FF1E88C5CD003A003C /* MeiTuanCell.xib */,
				AE9A99021E88C5E4003A003C /* MeiTuan.h */,
				AE9A99031E88C5E4003A003C /* MeiTuan.m */,
			);
			path = "Exam7-1";
			sourceTree = "<group>";
		};
		AE9A98D31E88C2B9003A003C /* Supporting Files */ = {
			isa = PBXGroup;
			children = (
				AE9A99071E88D799003A003C /* 8.jpg */,
				AE9A99051E88D73E003A003C /* 7.jpg */,
				AE9A98EA1E88C2C8003A003C /* 6.jpg */,
				AE9A98EB1E88C2C8003A003C /* 5.jpg */,
				AE9A98EC1E88C2C8003A003C /* 4.jpg */,
				AE9A98ED1E88C2C8003A003C /* 3.jpg */,
				AE9A98EE1E88C2C8003A003C /* 2.jpg */,
				AE9A98EF1E88C2C8003A003C /* 1.jpg */,
				AE9A98F01E88C2C8003A003C /* meituan.plist */,
				AE9A98D41E88C2B9003A003C /* main.m */,
			);
			name = "Supporting Files";
			sourceTree = "<group>";
		};
/* End PBXGroup section */

/* Begin PBXNativeTarget section */
		AE9A98CF1E88C2B9003A003C /* Exam7-1 */ = {
			isa = PBXNativeTarget;
			buildConfigurationList = AE9A98E71E88C2B9003A003C /* Build configuration list for PBXNativeTarget "Exam7-1" */;
			buildPhases = (
				AE9A98CC1E88C2B9003A003C /* Sources */,
				AE9A98CD1E88C2B9003A003C /* Frameworks */,
				AE9A98CE1E88C2B9003A003C /* Resources */,
			);
			buildRules = (
			);
			dependencies = (
			);
			name = "Exam7-1";
			productName = "Exam7-1";
			productReference = AE9A98D01E88C2B9003A003C /* Exam7-1.app */;
			productType = "com.apple.product-type.application";
		};
/* End PBXNativeTarget section */

/* Begin PBXProject section */
		AE9A98C81E88C2B9003A003C /* Project object */ = {
			isa = PBXProject;
			attributes = {
				LastUpgradeCheck = 0820;
				ORGANIZATIONNAME = "孙晓晔";
				TargetAttributes = {
					AE9A98CF1E88C2B9003A003C = {
						CreatedOnToolsVersion = 8.2.1;
						ProvisioningStyle = Automatic;
					};
				};
			};
			buildConfigurationList = AE9A98CB1E88C2B9003A003C /* Build configuration list for PBXProject "Exam7-1" */;
			compatibilityVersion = "Xcode 3.2";
			developmentRegion = English;
			hasScannedForEncodings = 0;
			knownRegions = (
				en,
				Base,
			);
			mainGroup = AE9A98C71E88C2B9003A003C;
			productRefGroup = AE9A98D11E88C2B9003A003C /* Products */;
			projectDirPath = "";
			projectRoot = "";
			targets = (
				AE9A98CF1E88C2B9003A003C /* Exam7-1 */,
			);
		};
/* End PBXProject section */

/* Begin PBXResourcesBuildPhase section */
		AE9A98CE1E88C2B9003A003C /* Resources */ = {
			isa = PBXResourcesBuildPhase;
			buildActionMask = 2147483647;
			files = (
				AE9A98F71E88C2C8003A003C /* meituan.plist in Resources */,
				AE9A98F31E88C2C8003A003C /* 4.jpg in Resources */,
				AE9A98E31E88C2B9003A003C /* LaunchScreen.storyboard in Resources */,
				AE9A99061E88D73E003A003C /* 7.jpg in Resources */,
				AE9A98F21E88C2C8003A003C /* 5.jpg in Resources */,
				AE9A99081E88D799003A003C /* 8.jpg in Resources */,
				AE9A99011E88C5CD003A003C /* MeiTuanCell.xib in Resources */,
				AE9A98E01E88C2B9003A003C /* Assets.xcassets in Resources */,
				AE9A98F11E88C2C8003A003C /* 6.jpg in Resources */,
				AE9A98F41E88C2C8003A003C /* 3.jpg in Resources */,
				AE9A98F61E88C2C8003A003C /* 1.jpg in Resources */,
				AE9A98F51E88C2C8003A003C /* 2.jpg in Resources */,
				AE9A98DE1E88C2B9003A003C /* Main.storyboard in Resources */,
			);
			runOnlyForDeploymentPostprocessing = 0;
		};
/* End PBXResourcesBuildPhase section */

/* Begin PBXSourcesBuildPhase section */
		AE9A98CC1E88C2B9003A003C /* Sources */ = {
			isa = PBXSourcesBuildPhase;
			buildActionMask = 2147483647;
			files = (
				AE9A98DB1E88C2B9003A003C /* ViewController.m in Sources */,
				AE9A99041E88C5E4003A003C /* MeiTuan.m in Sources */,
				AE9A98D81E88C2B9003A003C /* AppDelegate.m in Sources */,
				AE9A98D51E88C2B9003A003C /* main.m in Sources */,
				AE9A99001E88C5CD003A003C /* MeiTuanCell.m in Sources */,
			);
			runOnlyForDeploymentPostprocessing = 0;
		};
/* End PBXSourcesBuildPhase section */

/* Begin PBXVariantGroup section */
		AE9A98DC1E88C2B9003A003C /* Main.storyboard */ = {
			isa = PBXVariantGroup;
			children = (
				AE9A98DD1E88C2B9003A003C /* Base */,
			);
			name = Main.storyboard;
			sourceTree = "<group>";
		};
		AE9A98E11E88C2B9003A003C /* LaunchScreen.storyboard */ = {
			isa = PBXVariantGroup;
			children = (
				AE9A98E21E88C2B9003A003C /* Base */,
			);
			name = LaunchScreen.storyboard;
			sourceTree = "<group>";
		};
/* End PBXVariantGroup section */

/* Begin XCBuildConfiguration section */
		AE9A98E51E88C2B9003A003C /* Debug */ = {
			isa = XCBuildConfiguration;
			buildSettings = {
				ALWAYS_SEARCH_USER_PATHS = NO;
				CLANG_ANALYZER_NONNULL = YES;
				CLANG_CXX_LANGUAGE_STANDARD = "gnu++0x";
				CLANG_CXX_LIBRARY = "libc++";
				CLANG_ENABLE_MODULES = YES;
				CLANG_ENABLE_OBJC_ARC = YES;
				CLANG_WARN_BOOL_CONVERSION = YES;
				CLANG_WARN_CONSTANT_CONVERSION = YES;
				CLANG_WARN_DIRECT_OBJC_ISA_USAGE = YES_ERROR;
				CLANG_WARN_DOCUMENTATION_COMMENTS = YES;
				CLANG_WARN_EMPTY_BODY = YES;
				CLANG_WARN_ENUM_CONVERSION = YES;
				CLANG_WARN_INFINITE_RECURSION = YES;
				CLANG_WARN_INT_CONVERSION = YES;
				CLANG_WARN_OBJC_ROOT_CLASS = YES_ERROR;
				CLANG_WARN_SUSPICIOUS_MOVE = YES;
				CLANG_WARN_UNREACHABLE_CODE = YES;
				CLANG_WARN__DUPLICATE_METHOD_MATCH = YES;
				"CODE_SIGN_IDENTITY[sdk=iphoneos*]" = "iPhone Developer";
				COPY_PHASE_STRIP = NO;
				DEBUG_INFORMATION_FORMAT = dwarf;
				ENABLE_STRICT_OBJC_MSGSEND = YES;
				ENABLE_TESTABILITY = YES;
				GCC_C_LANGUAGE_STANDARD = gnu99;
				GCC_DYNAMIC_NO_PIC = NO;
				GCC_NO_COMMON_BLOCKS = YES;
				GCC_OPTIMIZATION_LEVEL = 0;
				GCC_PREPROCESSOR_DEFINITIONS = (
					"DEBUG=1",
					"$(inherited)",
				);
				GCC_WARN_64_TO_32_BIT_CONVERSION = YES;
				GCC_WARN_ABOUT_RETURN_TYPE = YES_ERROR;
				GCC_WARN_UNDECLARED_SELECTOR = YES;
				GCC_WARN_UNINITIALIZED_AUTOS = YES_AGGRESSIVE;
				GCC_WARN_UNUSED_FUNCTION = YES;
				GCC_WARN_UNUSED_VARIABLE = YES;
				IPHONEOS_DEPLOYMENT_TARGET = 10.2;
				MTL_ENABLE_DEBUG_INFO = YES;
				ONLY_ACTIVE_ARCH = YES;
				SDKROOT = iphoneos;
			};
			name = Debug;
		};
		AE9A98E61E88C2B9003A003C /* Release */ = {
			isa = XCBuildConfiguration;
			buildSettings = {
				ALWAYS_SEARCH_USER_PATHS = NO;
				CLANG_ANALYZER_NONNULL = YES;
				CLANG_CXX_LANGUAGE_STANDARD = "gnu++0x";
				CLANG_CXX_LIBRARY = "libc++";
				CLANG_ENABLE_MODULES = YES;
				CLANG_ENABLE_OBJC_ARC = YES;
				CLANG_WARN_BOOL_CONVERSION = YES;
				CLANG_WARN_CONSTANT_CONVERSION = YES;
				CLANG_WARN_DIRECT_OBJC_ISA_USAGE = YES_ERROR;
				CLANG_WARN_DOCUMENTATION_COMMENTS = YES;
				CLANG_WARN_EMPTY_BODY = YES;
				CLANG_WARN_ENUM_CONVERSION = YES;
				CLANG_WARN_INFINITE_RECURSION = YES;
				CLANG_WARN_INT_CONVERSION = YES;
				CLANG_WARN_OBJC_ROOT_CLASS = YES_ERROR;
				CLANG_WARN_SUSPICIOUS_MOVE = YES;
				CLANG_WARN_UNREACHABLE_CODE = YES;
				CLANG_WARN__DUPLICATE_METHOD_MATCH = YES;
				"CODE_SIGN_IDENTITY[sdk=iphoneos*]" = "iPhone Developer";
				COPY_PHASE_STRIP = NO;
				DEBUG_INFORMATION_FORMAT = "dwarf-with-dsym";
				ENABLE_NS_ASSERTIONS = NO;
				ENABLE_STRICT_OBJC_MSGSEND = YES;
				GCC_C_LANGUAGE_STANDARD = gnu99;
				GCC_NO_COMMON_BLOCKS = YES;
				GCC_WARN_64_TO_32_BIT_CONVERSION = YES;
				GCC_WARN_ABOUT_RETURN_TYPE = YES_ERROR;
				GCC_WARN_UNDECLARED_SELECTOR = YES;
				GCC_WARN_UNINITIALIZED_AUTOS = YES_AGGRESSIVE;
				GCC_WARN_UNUSED_FUNCTION = YES;
				GCC_WARN_UNUSED_VARIABLE = YES;
				IPHONEOS_DEPLOYMENT_TARGET = 10.2;
				MTL_ENABLE_DEBUG_INFO = NO;
				SDKROOT = iphoneos;
				VALIDATE_PRODUCT = YES;
			};
			name = Release;
		};
		AE9A98E81E88C2B9003A003C /* Debug */ = {
			isa = XCBuildConfiguration;
			buildSettings = {
				ASSETCATALOG_COMPILER_APPICON_NAME = AppIcon;
				INFOPLIST_FILE = "Exam7-1/Info.plist";
				LD_RUNPATH_SEARCH_PATHS = "$(inherited) @executable_path/Frameworks";
				PRODUCT_BUNDLE_IDENTIFIER = "com.jiapuwang.Exam7-1";
				PRODUCT_NAME = "$(TARGET_NAME)";
			};
			name = Debug;
		};
		AE9A98E91E88C2B9003A003C /* Release */ = {
			isa = XCBuildConfiguration;
			buildSettings = {
				ASSETCATALOG_COMPILER_APPICON_NAME = AppIcon;
				INFOPLIST_FILE = "Exam7-1/Info.plist";
				LD_RUNPATH_SEARCH_PATHS = "$(inherited) @executable_path/Frameworks";
				PRODUCT_BUNDLE_IDENTIFIER = "com.jiapuwang.Exam7-1";
				PRODUCT_NAME = "$(TARGET_NAME)";
			};
			name = Release;
		};
/* End XCBuildConfiguration section */

/* Begin XCConfigurationList section */
		AE9A98CB1E88C2B9003A003C /* Build configuration list for PBXProject "Exam7-1" */ = {
			isa = XCConfigurationList;
			buildConfigurations = (
				AE9A98E51E88C2B9003A003C /* Debug */,
				AE9A98E61E88C2B9003A003C /* Release */,
			);
			defaultConfigurationIsVisible = 0;
			defaultConfigurationName = Release;
		};
		AE9A98E71E88C2B9003A003C /* Build configuration list for PBXNativeTarget "Exam7-1" */ = {
			isa = XCConfigurationList;
			buildConfigurations = (
				AE9A98E81E88C2B9003A003C /* Debug */,
				AE9A98E91E88C2B9003A003C /* Release */,
			);
			defaultConfigurationIsVisible = 0;
		};
/* End XCConfigurationList section */
	};
	rootObject = AE9A98C81E88C2B9003A003C /* Project object */;
}
