// !$*UTF8*$!
{
	archiveVersion = 1;
	classes = {
	};
	objectVersion = 46;
	objects = {

/* Begin PBXBuildFile section */
		AE6F69431E83D2F7003F6460 /* main.m in Sources */ = {isa = PBXBuildFile; fileRef = AE6F69421E83D2F7003F6460 /* main.m */; };
		AE6F69461E83D2F7003F6460 /* AppDelegate.m in Sources */ = {isa = PBXBuildFile; fileRef = AE6F69451E83D2F7003F6460 /* AppDelegate.m */; };
		AE6F69491E83D2F7003F6460 /* ViewController.m in Sources */ = {isa = PBXBuildFile; fileRef = AE6F69481E83D2F7003F6460 /* ViewController.m */; };
		AE6F694C1E83D2F7003F6460 /* Main.storyboard in Resources */ = {isa = PBXBuildFile; fileRef = AE6F694A1E83D2F7003F6460 /* Main.storyboard */; };
		AE6F694E1E83D2F7003F6460 /* Assets.xcassets in Resources */ = {isa = PBXBuildFile; fileRef = AE6F694D1E83D2F7003F6460 /* Assets.xcassets */; };
		AE6F69511E83D2F7003F6460 /* LaunchScreen.storyboard in Resources */ = {isa = PBXBuildFile; fileRef = AE6F694F1E83D2F7003F6460 /* LaunchScreen.storyboard */; };
		AE6F695E1E83D48C003F6460 /* 6.jpg in Resources */ = {isa = PBXBuildFile; fileRef = AE6F69581E83D48C003F6460 /* 6.jpg */; };
		AE6F695F1E83D48C003F6460 /* 5.jpg in Resources */ = {isa = PBXBuildFile; fileRef = AE6F69591E83D48C003F6460 /* 5.jpg */; };
		AE6F69601E83D48C003F6460 /* 4.jpg in Resources */ = {isa = PBXBuildFile; fileRef = AE6F695A1E83D48C003F6460 /* 4.jpg */; };
		AE6F69611E83D48C003F6460 /* 3.jpg in Resources */ = {isa = PBXBuildFile; fileRef = AE6F695B1E83D48C003F6460 /* 3.jpg */; };
		AE6F69621E83D48C003F6460 /* 1.jpg in Resources */ = {isa = PBXBuildFile; fileRef = AE6F695C1E83D48C003F6460 /* 1.jpg */; };
		AE6F69631E83D48C003F6460 /* 2.jpg in Resources */ = {isa = PBXBuildFile; fileRef = AE6F695D1E83D48C003F6460 /* 2.jpg */; };
		AE6F69661E83D4A3003F6460 /* Singer.m in Sources */ = {isa = PBXBuildFile; fileRef = AE6F69651E83D4A3003F6460 /* Singer.m */; };
		AE6F69681E83D5BC003F6460 /* singer.plist in Resources */ = {isa = PBXBuildFile; fileRef = AE6F69671E83D5BC003F6460 /* singer.plist */; };
/* End PBXBuildFile section */

/* Begin PBXFileReference section */
		AE6F693E1E83D2F7003F6460 /* Example61-4.app */ = {isa = PBXFileReference; explicitFileType = wrapper.application; includeInIndex = 0; path = "Example61-4.app"; sourceTree = BUILT_PRODUCTS_DIR; };
		AE6F69421E83D2F7003F6460 /* main.m */ = {isa = PBXFileReference; lastKnownFileType = sourcecode.c.objc; path = main.m; sourceTree = "<group>"; };
		AE6F69441E83D2F7003F6460 /* AppDelegate.h */ = {isa = PBXFileReference; lastKnownFileType = sourcecode.c.h; path = AppDelegate.h; sourceTree = "<group>"; };
		AE6F69451E83D2F7003F6460 /* AppDelegate.m */ = {isa = PBXFileReference; lastKnownFileType = sourcecode.c.objc; path = AppDelegate.m; sourceTree = "<group>"; };
		AE6F69471E83D2F7003F6460 /* ViewController.h */ = {isa = PBXFileReference; lastKnownFileType = sourcecode.c.h; path = ViewController.h; sourceTree = "<group>"; };
		AE6F69481E83D2F7003F6460 /* ViewController.m */ = {isa = PBXFileReference; lastKnownFileType = sourcecode.c.objc; path = ViewController.m; sourceTree = "<group>"; };
		AE6F694B1E83D2F7003F6460 /* Base */ = {isa = PBXFileReference; lastKnownFileType = file.storyboard; name = Base; path = Base.lproj/Main.storyboard; sourceTree = "<group>"; };
		AE6F694D1E83D2F7003F6460 /* Assets.xcassets */ = {isa = PBXFileReference; lastKnownFileType = folder.assetcatalog; path = Assets.xcassets; sourceTree = "<group>"; };
		AE6F69501E83D2F7003F6460 /* Base */ = {isa = PBXFileReference; lastKnownFileType = file.storyboard; name = Base; path = Base.lproj/LaunchScreen.storyboard; sourceTree = "<group>"; };
		AE6F69521E83D2F7003F6460 /* Info.plist */ = {isa = PBXFileReference; lastKnownFileType = text.plist.xml; path = Info.plist; sourceTree = "<group>"; };
		AE6F69581E83D48C003F6460 /* 6.jpg */ = {isa = PBXFileReference; lastKnownFileType = image.jpeg; path = 6.jpg; sourceTree = "<group>"; };
		AE6F69591E83D48C003F6460 /* 5.jpg */ = {isa = PBXFileReference; lastKnownFileType = image.jpeg; path = 5.jpg; sourceTree = "<group>"; };
		AE6F695A1E83D48C003F6460 /* 4.jpg */ = {isa = PBXFileReference; lastKnownFileType = image.jpeg; path = 4.jpg; sourceTree = "<group>"; };
		AE6F695B1E83D48C003F6460 /* 3.jpg */ = {isa = PBXFileReference; lastKnownFileType = image.jpeg; path = 3.jpg; sourceTree = "<group>"; };
		AE6F695C1E83D48C003F6460 /* 1.jpg */ = {isa = PBXFileReference; lastKnownFileType = image.jpeg; path = 1.jpg; sourceTree = "<group>"; };
		AE6F695D1E83D48C003F6460 /* 2.jpg */ = {isa = PBXFileReference; lastKnownFileType = image.jpeg; path = 2.jpg; sourceTree = "<group>"; };
		AE6F69641E83D4A3003F6460 /* Singer.h */ = {isa = PBXFileReference; fileEncoding = 4; lastKnownFileType = sourcecode.c.h; path = Singer.h; sourceTree = "<group>"; };
		AE6F69651E83D4A3003F6460 /* Singer.m */ = {isa = PBXFileReference; fileEncoding = 4; lastKnownFileType = sourcecode.c.objc; path = Singer.m; sourceTree = "<group>"; };
		AE6F69671E83D5BC003F6460 /* singer.plist */ = {isa = PBXFileReference; fileEncoding = 4; lastKnownFileType = text.plist.xml; path = singer.plist; sourceTree = "<group>"; };
/* End PBXFileReference section */

/* Begin PBXFrameworksBuildPhase section */
		AE6F693B1E83D2F7003F6460 /* Frameworks */ = {
			isa = PBXFrameworksBuildPhase;
			buildActionMask = 2147483647;
			files = (
			);
			runOnlyForDeploymentPostprocessing = 0;
		};
/* End PBXFrameworksBuildPhase section */

/* Begin PBXGroup section */
		AE6F69351E83D2F7003F6460 = {
			isa = PBXGroup;
			children = (
				AE6F69401E83D2F7003F6460 /* Example61-4 */,
				AE6F693F1E83D2F7003F6460 /* Products */,
			);
			sourceTree = "<group>";
		};
		AE6F693F1E83D2F7003F6460 /* Products */ = {
			isa = PBXGroup;
			children = (
				AE6F693E1E83D2F7003F6460 /* Example61-4.app */,
			);
			name = Products;
			sourceTree = "<group>";
		};
		AE6F69401E83D2F7003F6460 /* Example61-4 */ = {
			isa = PBXGroup;
			children = (
				AE6F69441E83D2F7003F6460 /* AppDelegate.h */,
				AE6F69451E83D2F7003F6460 /* AppDelegate.m */,
				AE6F69471E83D2F7003F6460 /* ViewController.h */,
				AE6F69481E83D2F7003F6460 /* ViewController.m */,
				AE6F694A1E83D2F7003F6460 /* Main.storyboard */,
				AE6F694D1E83D2F7003F6460 /* Assets.xcassets */,
				AE6F694F1E83D2F7003F6460 /* LaunchScreen.storyboard */,
				AE6F69521E83D2F7003F6460 /* Info.plist */,
				AE6F69411E83D2F7003F6460 /* Supporting Files */,
				AE6F69641E83D4A3003F6460 /* Singer.h */,
				AE6F69651E83D4A3003F6460 /* Singer.m */,
			);
			path = "Example61-4";
			sourceTree = "<group>";
		};
		AE6F69411E83D2F7003F6460 /* Supporting Files */ = {
			isa = PBXGroup;
			children = (
				AE6F69581E83D48C003F6460 /* 6.jpg */,
				AE6F69591E83D48C003F6460 /* 5.jpg */,
				AE6F695A1E83D48C003F6460 /* 4.jpg */,
				AE6F695B1E83D48C003F6460 /* 3.jpg */,
				AE6F695C1E83D48C003F6460 /* 1.jpg */,
				AE6F695D1E83D48C003F6460 /* 2.jpg */,
				AE6F69421E83D2F7003F6460 /* main.m */,
				AE6F69671E83D5BC003F6460 /* singer.plist */,
			);
			name = "Supporting Files";
			sourceTree = "<group>";
		};
/* End PBXGroup section */

/* Begin PBXNativeTarget section */
		AE6F693D1E83D2F7003F6460 /* Example61-4 */ = {
			isa = PBXNativeTarget;
			buildConfigurationList = AE6F69551E83D2F7003F6460 /* Build configuration list for PBXNativeTarget "Example61-4" */;
			buildPhases = (
				AE6F693A1E83D2F7003F6460 /* Sources */,
				AE6F693B1E83D2F7003F6460 /* Frameworks */,
				AE6F693C1E83D2F7003F6460 /* Resources */,
			);
			buildRules = (
			);
			dependencies = (
			);
			name = "Example61-4";
			productName = "Example61-4";
			productReference = AE6F693E1E83D2F7003F6460 /* Example61-4.app */;
			productType = "com.apple.product-type.application";
		};
/* End PBXNativeTarget section */

/* Begin PBXProject section */
		AE6F69361E83D2F7003F6460 /* Project object */ = {
			isa = PBXProject;
			attributes = {
				LastUpgradeCheck = 0820;
				ORGANIZATIONNAME = "孙晓晔";
				TargetAttributes = {
					AE6F693D1E83D2F7003F6460 = {
						CreatedOnToolsVersion = 8.2.1;
						ProvisioningStyle = Automatic;
					};
				};
			};
			buildConfigurationList = AE6F69391E83D2F7003F6460 /* Build configuration list for PBXProject "Example61-4" */;
			compatibilityVersion = "Xcode 3.2";
			developmentRegion = English;
			hasScannedForEncodings = 0;
			knownRegions = (
				en,
				Base,
			);
			mainGroup = AE6F69351E83D2F7003F6460;
			productRefGroup = AE6F693F1E83D2F7003F6460 /* Products */;
			projectDirPath = "";
			projectRoot = "";
			targets = (
				AE6F693D1E83D2F7003F6460 /* Example61-4 */,
			);
		};
/* End PBXProject section */

/* Begin PBXResourcesBuildPhase section */
		AE6F693C1E83D2F7003F6460 /* Resources */ = {
			isa = PBXResourcesBuildPhase;
			buildActionMask = 2147483647;
			files = (
				AE6F69601E83D48C003F6460 /* 4.jpg in Resources */,
				AE6F69511E83D2F7003F6460 /* LaunchScreen.storyboard in Resources */,
				AE6F695F1E83D48C003F6460 /* 5.jpg in Resources */,
				AE6F69631E83D48C003F6460 /* 2.jpg in Resources */,
				AE6F694E1E83D2F7003F6460 /* Assets.xcassets in Resources */,
				AE6F695E1E83D48C003F6460 /* 6.jpg in Resources */,
				AE6F69621E83D48C003F6460 /* 1.jpg in Resources */,
				AE6F69611E83D48C003F6460 /* 3.jpg in Resources */,
				AE6F69681E83D5BC003F6460 /* singer.plist in Resources */,
				AE6F694C1E83D2F7003F6460 /* Main.storyboard in Resources */,
			);
			runOnlyForDeploymentPostprocessing = 0;
		};
/* End PBXResourcesBuildPhase section */

/* Begin PBXSourcesBuildPhase section */
		AE6F693A1E83D2F7003F6460 /* Sources */ = {
			isa = PBXSourcesBuildPhase;
			buildActionMask = 2147483647;
			files = (
				AE6F69491E83D2F7003F6460 /* ViewController.m in Sources */,
				AE6F69461E83D2F7003F6460 /* AppDelegate.m in Sources */,
				AE6F69431E83D2F7003F6460 /* main.m in Sources */,
				AE6F69661E83D4A3003F6460 /* Singer.m in Sources */,
			);
			runOnlyForDeploymentPostprocessing = 0;
		};
/* End PBXSourcesBuildPhase section */

/* Begin PBXVariantGroup section */
		AE6F694A1E83D2F7003F6460 /* Main.storyboard */ = {
			isa = PBXVariantGroup;
			children = (
				AE6F694B1E83D2F7003F6460 /* Base */,
			);
			name = Main.storyboard;
			sourceTree = "<group>";
		};
		AE6F694F1E83D2F7003F6460 /* LaunchScreen.storyboard */ = {
			isa = PBXVariantGroup;
			children = (
				AE6F69501E83D2F7003F6460 /* Base */,
			);
			name = LaunchScreen.storyboard;
			sourceTree = "<group>";
		};
/* End PBXVariantGroup section */

/* Begin XCBuildConfiguration section */
		AE6F69531E83D2F7003F6460 /* Debug */ = {
			isa = XCBuildConfiguration;
			buildSettings = {
				ALWAYS_SEARCH_USER_PATHS = NO;
				CLANG_ANALYZER_NONNULL = YES;
				CLANG_CXX_LANGUAGE_STANDARD = "gnu++0x";
				CLANG_CXX_LIBRARY = "libc++";
				CLANG_ENABLE_MODULES = YES;
				CLANG_ENABLE_OBJC_ARC = YES;
				CLANG_WARN_BOOL_CONVERSION = YES;
				CLANG_WARN_CONSTANT_CONVERSION = YES;
				CLANG_WARN_DIRECT_OBJC_ISA_USAGE = YES_ERROR;
				CLANG_WARN_DOCUMENTATION_COMMENTS = YES;
				CLANG_WARN_EMPTY_BODY = YES;
				CLANG_WARN_ENUM_CONVERSION = YES;
				CLANG_WARN_INFINITE_RECURSION = YES;
				CLANG_WARN_INT_CONVERSION = YES;
				CLANG_WARN_OBJC_ROOT_CLASS = YES_ERROR;
				CLANG_WARN_SUSPICIOUS_MOVE = YES;
				CLANG_WARN_UNREACHABLE_CODE = YES;
				CLANG_WARN__DUPLICATE_METHOD_MATCH = YES;
				"CODE_SIGN_IDENTITY[sdk=iphoneos*]" = "iPhone Developer";
				COPY_PHASE_STRIP = NO;
				DEBUG_INFORMATION_FORMAT = dwarf;
				ENABLE_STRICT_OBJC_MSGSEND = YES;
				ENABLE_TESTABILITY = YES;
				GCC_C_LANGUAGE_STANDARD = gnu99;
				GCC_DYNAMIC_NO_PIC = NO;
				GCC_NO_COMMON_BLOCKS = YES;
				GCC_OPTIMIZATION_LEVEL = 0;
				GCC_PREPROCESSOR_DEFINITIONS = (
					"DEBUG=1",
					"$(inherited)",
				);
				GCC_WARN_64_TO_32_BIT_CONVERSION = YES;
				GCC_WARN_ABOUT_RETURN_TYPE = YES_ERROR;
				GCC_WARN_UNDECLARED_SELECTOR = YES;
				GCC_WARN_UNINITIALIZED_AUTOS = YES_AGGRESSIVE;
				GCC_WARN_UNUSED_FUNCTION = YES;
				GCC_WARN_UNUSED_VARIABLE = YES;
				IPHONEOS_DEPLOYMENT_TARGET = 10.2;
				MTL_ENABLE_DEBUG_INFO = YES;
				ONLY_ACTIVE_ARCH = YES;
				SDKROOT = iphoneos;
			};
			name = Debug;
		};
		AE6F69541E83D2F7003F6460 /* Release */ = {
			isa = XCBuildConfiguration;
			buildSettings = {
				ALWAYS_SEARCH_USER_PATHS = NO;
				CLANG_ANALYZER_NONNULL = YES;
				CLANG_CXX_LANGUAGE_STANDARD = "gnu++0x";
				CLANG_CXX_LIBRARY = "libc++";
				CLANG_ENABLE_MODULES = YES;
				CLANG_ENABLE_OBJC_ARC = YES;
				CLANG_WARN_BOOL_CONVERSION = YES;
				CLANG_WARN_CONSTANT_CONVERSION = YES;
				CLANG_WARN_DIRECT_OBJC_ISA_USAGE = YES_ERROR;
				CLANG_WARN_DOCUMENTATION_COMMENTS = YES;
				CLANG_WARN_EMPTY_BODY = YES;
				CLANG_WARN_ENUM_CONVERSION = YES;
				CLANG_WARN_INFINITE_RECURSION = YES;
				CLANG_WARN_INT_CONVERSION = YES;
				CLANG_WARN_OBJC_ROOT_CLASS = YES_ERROR;
				CLANG_WARN_SUSPICIOUS_MOVE = YES;
				CLANG_WARN_UNREACHABLE_CODE = YES;
				CLANG_WARN__DUPLICATE_METHOD_MATCH = YES;
				"CODE_SIGN_IDENTITY[sdk=iphoneos*]" = "iPhone Developer";
				COPY_PHASE_STRIP = NO;
				DEBUG_INFORMATION_FORMAT = "dwarf-with-dsym";
				ENABLE_NS_ASSERTIONS = NO;
				ENABLE_STRICT_OBJC_MSGSEND = YES;
				GCC_C_LANGUAGE_STANDARD = gnu99;
				GCC_NO_COMMON_BLOCKS = YES;
				GCC_WARN_64_TO_32_BIT_CONVERSION = YES;
				GCC_WARN_ABOUT_RETURN_TYPE = YES_ERROR;
				GCC_WARN_UNDECLARED_SELECTOR = YES;
				GCC_WARN_UNINITIALIZED_AUTOS = YES_AGGRESSIVE;
				GCC_WARN_UNUSED_FUNCTION = YES;
				GCC_WARN_UNUSED_VARIABLE = YES;
				IPHONEOS_DEPLOYMENT_TARGET = 10.2;
				MTL_ENABLE_DEBUG_INFO = NO;
				SDKROOT = iphoneos;
				VALIDATE_PRODUCT = YES;
			};
			name = Release;
		};
		AE6F69561E83D2F7003F6460 /* Debug */ = {
			isa = XCBuildConfiguration;
			buildSettings = {
				ASSETCATALOG_COMPILER_APPICON_NAME = AppIcon;
				INFOPLIST_FILE = "Example61-4/Info.plist";
				LD_RUNPATH_SEARCH_PATHS = "$(inherited) @executable_path/Frameworks";
				PRODUCT_BUNDLE_IDENTIFIER = "com.jiapuwang.Example61-4";
				PRODUCT_NAME = "$(TARGET_NAME)";
			};
			name = Debug;
		};
		AE6F69571E83D2F7003F6460 /* Release */ = {
			isa = XCBuildConfiguration;
			buildSettings = {
				ASSETCATALOG_COMPILER_APPICON_NAME = AppIcon;
				INFOPLIST_FILE = "Example61-4/Info.plist";
				LD_RUNPATH_SEARCH_PATHS = "$(inherited) @executable_path/Frameworks";
				PRODUCT_BUNDLE_IDENTIFIER = "com.jiapuwang.Example61-4";
				PRODUCT_NAME = "$(TARGET_NAME)";
			};
			name = Release;
		};
/* End XCBuildConfiguration section */

/* Begin XCConfigurationList section */
		AE6F69391E83D2F7003F6460 /* Build configuration list for PBXProject "Example61-4" */ = {
			isa = XCConfigurationList;
			buildConfigurations = (
				AE6F69531E83D2F7003F6460 /* Debug */,
				AE6F69541E83D2F7003F6460 /* Release */,
			);
			defaultConfigurationIsVisible = 0;
			defaultConfigurationName = Release;
		};
		AE6F69551E83D2F7003F6460 /* Build configuration list for PBXNativeTarget "Example61-4" */ = {
			isa = XCConfigurationList;
			buildConfigurations = (
				AE6F69561E83D2F7003F6460 /* Debug */,
				AE6F69571E83D2F7003F6460 /* Release */,
			);
			defaultConfigurationIsVisible = 0;
		};
/* End XCConfigurationList section */
	};
	rootObject = AE6F69361E83D2F7003F6460 /* Project object */;
}
